
Microsoft Visual Studio Solution File, Format Version 12.00
# Visual Studio 14
VisualStudioVersion = 14.0.24720.0
MinimumVisualStudioVersion = 10.0.40219.1
Project("{FAE04EC0-301F-11D3-BF4B-00C04F79EFBC}") = "IdentityServer", "IdentityServer\IdentityServer.csproj", "{7CB7493B-ECE1-4139-80DB-CB7B4C8D9550}"
EndProject
Project("{E24C65DC-7377-472B-9ABA-BC803B73C61A}") = "AngularjsWeb", "..\AngularjsWeb\", "{4610765F-CDE9-488F-AFB5-01B7261B6285}"
	ProjectSection(WebsiteProperties) = preProject
		TargetFrameworkMoniker = ".NETFramework,Version%3Dv4.0"
		Debug.AspNetCompiler.VirtualPath = "/localhost_62627"
		Debug.AspNetCompiler.PhysicalPath = "..\AngularjsWeb\"
		Debug.AspNetCompiler.TargetPath = "PrecompiledWeb\localhost_62627\"
		Debug.AspNetCompiler.Updateable = "true"
		Debug.AspNetCompiler.ForceOverwrite = "true"
		Debug.AspNetCompiler.FixedNames = "false"
		Debug.AspNetCompiler.Debug = "True"
		Release.AspNetCompiler.VirtualPath = "/localhost_62627"
		Release.AspNetCompiler.PhysicalPath = "..\AngularjsWeb\"
		Release.AspNetCompiler.TargetPath = "PrecompiledWeb\localhost_62627\"
		Release.AspNetCompiler.Updateable = "true"
		Release.AspNetCompiler.ForceOverwrite = "true"
		Release.AspNetCompiler.FixedNames = "false"
		Release.AspNetCompiler.Debug = "False"
		VWDPort = "62627"
		SlnRelativePath = "..\AngularjsWeb\"
	EndProjectSection
EndProject
Project("{FAE04EC0-301F-11D3-BF4B-00C04F79EFBC}") = "WebApi", "..\WebApi\WebApi.csproj", "{08D12DDA-79EA-4EBE-8687-00D8FFBA2A7B}"
EndProject
Project("{FAE04EC0-301F-11D3-BF4B-00C04F79EFBC}") = "Application.Constants", "..\Application.Constants\Application.Constants.csproj", "{6DEEB823-4DC0-486B-B5CD-A3AA471B7CF1}"
EndProject
Project("{FAE04EC0-301F-11D3-BF4B-00C04F79EFBC}") = "MVCClient", "..\MVCClient\MVCClient.csproj", "{9713CBC4-DC8A-41EF-9386-CEA5317400AF}"
EndProject
Global
	GlobalSection(SolutionConfigurationPlatforms) = preSolution
		Debug|Any CPU = Debug|Any CPU
		Release|Any CPU = Release|Any CPU
	EndGlobalSection
	GlobalSection(ProjectConfigurationPlatforms) = postSolution
		{7CB7493B-ECE1-4139-80DB-CB7B4C8D9550}.Debug|Any CPU.ActiveCfg = Debug|Any CPU
		{7CB7493B-ECE1-4139-80DB-CB7B4C8D9550}.Debug|Any CPU.Build.0 = Debug|Any CPU
		{7CB7493B-ECE1-4139-80DB-CB7B4C8D9550}.Release|Any CPU.ActiveCfg = Release|Any CPU
		{7CB7493B-ECE1-4139-80DB-CB7B4C8D9550}.Release|Any CPU.Build.0 = Release|Any CPU
		{4610765F-CDE9-488F-AFB5-01B7261B6285}.Debug|Any CPU.ActiveCfg = Debug|Any CPU
		{4610765F-CDE9-488F-AFB5-01B7261B6285}.Debug|Any CPU.Build.0 = Debug|Any CPU
		{4610765F-CDE9-488F-AFB5-01B7261B6285}.Release|Any CPU.ActiveCfg = Debug|Any CPU
		{4610765F-CDE9-488F-AFB5-01B7261B6285}.Release|Any CPU.Build.0 = Debug|Any CPU
		{08D12DDA-79EA-4EBE-8687-00D8FFBA2A7B}.Debug|Any CPU.ActiveCfg = Debug|Any CPU
		{08D12DDA-79EA-4EBE-8687-00D8FFBA2A7B}.Debug|Any CPU.Build.0 = Debug|Any CPU
		{08D12DDA-79EA-4EBE-8687-00D8FFBA2A7B}.Release|Any CPU.ActiveCfg = Release|Any CPU
		{08D12DDA-79EA-4EBE-8687-00D8FFBA2A7B}.Release|Any CPU.Build.0 = Release|Any CPU
		{6DEEB823-4DC0-486B-B5CD-A3AA471B7CF1}.Debug|Any CPU.ActiveCfg = Debug|Any CPU
		{6DEEB823-4DC0-486B-B5CD-A3AA471B7CF1}.Debug|Any CPU.Build.0 = Debug|Any CPU
		{6DEEB823-4DC0-486B-B5CD-A3AA471B7CF1}.Release|Any CPU.ActiveCfg = Release|Any CPU
		{6DEEB823-4DC0-486B-B5CD-A3AA471B7CF1}.Release|Any CPU.Build.0 = Release|Any CPU
		{9713CBC4-DC8A-41EF-9386-CEA5317400AF}.Debug|Any CPU.ActiveCfg = Debug|Any CPU
		{9713CBC4-DC8A-41EF-9386-CEA5317400AF}.Debug|Any CPU.Build.0 = Debug|Any CPU
		{9713CBC4-DC8A-41EF-9386-CEA5317400AF}.Release|Any CPU.ActiveCfg = Release|Any CPU
		{9713CBC4-DC8A-41EF-9386-CEA5317400AF}.Release|Any CPU.Build.0 = Release|Any CPU
	EndGlobalSection
	GlobalSection(SolutionProperties) = preSolution
		HideSolutionNode = FALSE
	EndGlobalSection
EndGlobal
